
Microsoft Visual Studio Solution File, Format Version 12.00
# Visual Studio Version 17
VisualStudioVersion = 17.1.32210.238
MinimumVisualStudioVersion = 10.0.40219.1
Project("{FAE04EC0-301F-11D3-BF4B-00C04F79EFBC}") = "BlazingShop.Server", "Server\BlazingShop.Server.csproj", "{98EA7126-0318-4495-A111-76B5C24DF025}"
EndProject
Project("{FAE04EC0-301F-11D3-BF4B-00C04F79EFBC}") = "BlazingShop.Client", "Client\BlazingShop.Client.csproj", "{916FE42B-20CA-455A-BE30-5A4C5CD5CD38}"
EndProject
Project("{FAE04EC0-301F-11D3-BF4B-00C04F79EFBC}") = "BlazingShop.Shared", "Shared\BlazingShop.Shared.csproj", "{3A4AF001-B43F-4065-8B0F-3579D06974B5}"
EndProject
Global
	GlobalSection(SolutionConfigurationPlatforms) = preSolution
		Debug|Any CPU = Debug|Any CPU
		Release|Any CPU = Release|Any CPU
	EndGlobalSection
	GlobalSection(ProjectConfigurationPlatforms) = postSolution
		{98EA7126-0318-4495-A111-76B5C24DF025}.Debug|Any CPU.ActiveCfg = Debug|Any CPU
		{98EA7126-0318-4495-A111-76B5C24DF025}.Debug|Any CPU.Build.0 = Debug|Any CPU
		{98EA7126-0318-4495-A111-76B5C24DF025}.Release|Any CPU.ActiveCfg = Release|Any CPU
		{98EA7126-0318-4495-A111-76B5C24DF025}.Release|Any CPU.Build.0 = Release|Any CPU
		{916FE42B-20CA-455A-BE30-5A4C5CD5CD38}.Debug|Any CPU.ActiveCfg = Debug|Any CPU
		{916FE42B-20CA-455A-BE30-5A4C5CD5CD38}.Debug|Any CPU.Build.0 = Debug|Any CPU
		{916FE42B-20CA-455A-BE30-5A4C5CD5CD38}.Release|Any CPU.ActiveCfg = Release|Any CPU
		{916FE42B-20CA-455A-BE30-5A4C5CD5CD38}.Release|Any CPU.Build.0 = Release|Any CPU
		{3A4AF001-B43F-4065-8B0F-3579D06974B5}.Debug|Any CPU.ActiveCfg = Debug|Any CPU
		{3A4AF001-B43F-4065-8B0F-3579D06974B5}.Debug|Any CPU.Build.0 = Debug|Any CPU
		{3A4AF001-B43F-4065-8B0F-3579D06974B5}.Release|Any CPU.ActiveCfg = Release|Any CPU
		{3A4AF001-B43F-4065-8B0F-3579D06974B5}.Release|Any CPU.Build.0 = Release|Any CPU
	EndGlobalSection
	GlobalSection(SolutionProperties) = preSolution
		HideSolutionNode = FALSE
	EndGlobalSection
	GlobalSection(ExtensibilityGlobals) = postSolution
		SolutionGuid = {B506DDA0-10D3-4F82-A87F-2695521EAD7C}
	EndGlobalSection
EndGlobal
